
Microsoft Visual Studio Solution File, Format Version 12.00
# Visual Studio 15
VisualStudioVersion = 15.0.28010.2048
MinimumVisualStudioVersion = 10.0.40219.1
Project("{FAE04EC0-301F-11D3-BF4B-00C04F79EFBC}") = "movil1.Android", "movil1\movil1.Android\movil1.Android.csproj", "{5018B35E-BEFB-45A0-9DF0-519204D0EDBE}"
EndProject
Project("{FAE04EC0-301F-11D3-BF4B-00C04F79EFBC}") = "movil1.iOS", "movil1\movil1.iOS\movil1.iOS.csproj", "{DE5CD01C-DAC4-49D6-A96B-4AECA205271C}"
EndProject
Project("{FAE04EC0-301F-11D3-BF4B-00C04F79EFBC}") = "movil1.UWP", "movil1\movil1.UWP\movil1.UWP.csproj", "{49541CB6-03DD-411A-86DD-E3DC445A0A6C}"
EndProject
Project("{9A19103F-16F7-4668-BE54-9A1E7A4F7556}") = "movil1", "movil1\movil1\movil1.csproj", "{8A733577-1011-4060-80B3-21CD6C2DC332}"
EndProject
Project("{FAE04EC0-301F-11D3-BF4B-00C04F79EFBC}") = "movil1.Backend", "movil1.Backend\movil1.Backend.csproj", "{5883E548-5D7F-4C2F-8DA6-E03A51EB9841}"
EndProject
Project("{FAE04EC0-301F-11D3-BF4B-00C04F79EFBC}") = "movil1.API", "movil1.API\movil1.API.csproj", "{9BABE165-5B1B-4867-B66C-D852AC8F8FD6}"
EndProject
Project("{FAE04EC0-301F-11D3-BF4B-00C04F79EFBC}") = "movil1.Domain", "movil1.Domain\movil1.Domain.csproj", "{A3C4B2E6-930F-4193-82D6-53E85599A3D6}"
EndProject
Project("{FAE04EC0-301F-11D3-BF4B-00C04F79EFBC}") = "movil1.Common", "movil1.Common\movil1.Common.csproj", "{6B88D636-EBE7-420E-87B2-B06BA5B44F6A}"
EndProject
Global
	GlobalSection(SolutionConfigurationPlatforms) = preSolution
		Ad-Hoc|Any CPU = Ad-Hoc|Any CPU
		Ad-Hoc|ARM = Ad-Hoc|ARM
		Ad-Hoc|iPhone = Ad-Hoc|iPhone
		Ad-Hoc|iPhoneSimulator = Ad-Hoc|iPhoneSimulator
		Ad-Hoc|x64 = Ad-Hoc|x64
		Ad-Hoc|x86 = Ad-Hoc|x86
		AppStore|Any CPU = AppStore|Any CPU
		AppStore|ARM = AppStore|ARM
		AppStore|iPhone = AppStore|iPhone
		AppStore|iPhoneSimulator = AppStore|iPhoneSimulator
		AppStore|x64 = AppStore|x64
		AppStore|x86 = AppStore|x86
		Debug|Any CPU = Debug|Any CPU
		Debug|ARM = Debug|ARM
		Debug|iPhone = Debug|iPhone
		Debug|iPhoneSimulator = Debug|iPhoneSimulator
		Debug|x64 = Debug|x64
		Debug|x86 = Debug|x86
		Release|Any CPU = Release|Any CPU
		Release|ARM = Release|ARM
		Release|iPhone = Release|iPhone
		Release|iPhoneSimulator = Release|iPhoneSimulator
		Release|x64 = Release|x64
		Release|x86 = Release|x86
	EndGlobalSection
	GlobalSection(ProjectConfigurationPlatforms) = postSolution
		{5018B35E-BEFB-45A0-9DF0-519204D0EDBE}.Ad-Hoc|Any CPU.ActiveCfg = Release|Any CPU
		{5018B35E-BEFB-45A0-9DF0-519204D0EDBE}.Ad-Hoc|Any CPU.Build.0 = Release|Any CPU
		{5018B35E-BEFB-45A0-9DF0-519204D0EDBE}.Ad-Hoc|Any CPU.Deploy.0 = Release|Any CPU
		{5018B35E-BEFB-45A0-9DF0-519204D0EDBE}.Ad-Hoc|ARM.ActiveCfg = Release|Any CPU
		{5018B35E-BEFB-45A0-9DF0-519204D0EDBE}.Ad-Hoc|ARM.Build.0 = Release|Any CPU
		{5018B35E-BEFB-45A0-9DF0-519204D0EDBE}.Ad-Hoc|ARM.Deploy.0 = Release|Any CPU
		{5018B35E-BEFB-45A0-9DF0-519204D0EDBE}.Ad-Hoc|iPhone.ActiveCfg = Release|Any CPU
		{5018B35E-BEFB-45A0-9DF0-519204D0EDBE}.Ad-Hoc|iPhone.Build.0 = Release|Any CPU
		{5018B35E-BEFB-45A0-9DF0-519204D0EDBE}.Ad-Hoc|iPhone.Deploy.0 = Release|Any CPU
		{5018B35E-BEFB-45A0-9DF0-519204D0EDBE}.Ad-Hoc|iPhoneSimulator.ActiveCfg = Release|Any CPU
		{5018B35E-BEFB-45A0-9DF0-519204D0EDBE}.Ad-Hoc|iPhoneSimulator.Build.0 = Release|Any CPU
		{5018B35E-BEFB-45A0-9DF0-519204D0EDBE}.Ad-Hoc|iPhoneSimulator.Deploy.0 = Release|Any CPU
		{5018B35E-BEFB-45A0-9DF0-519204D0EDBE}.Ad-Hoc|x64.ActiveCfg = Release|Any CPU
		{5018B35E-BEFB-45A0-9DF0-519204D0EDBE}.Ad-Hoc|x64.Build.0 = Release|Any CPU
		{5018B35E-BEFB-45A0-9DF0-519204D0EDBE}.Ad-Hoc|x64.Deploy.0 = Release|Any CPU
		{5018B35E-BEFB-45A0-9DF0-519204D0EDBE}.Ad-Hoc|x86.ActiveCfg = Release|Any CPU
		{5018B35E-BEFB-45A0-9DF0-519204D0EDBE}.Ad-Hoc|x86.Build.0 = Release|Any CPU
		{5018B35E-BEFB-45A0-9DF0-519204D0EDBE}.Ad-Hoc|x86.Deploy.0 = Release|Any CPU
		{5018B35E-BEFB-45A0-9DF0-519204D0EDBE}.AppStore|Any CPU.ActiveCfg = Release|Any CPU
		{5018B35E-BEFB-45A0-9DF0-519204D0EDBE}.AppStore|Any CPU.Build.0 = Release|Any CPU
		{5018B35E-BEFB-45A0-9DF0-519204D0EDBE}.AppStore|Any CPU.Deploy.0 = Release|Any CPU
		{5018B35E-BEFB-45A0-9DF0-519204D0EDBE}.AppStore|ARM.ActiveCfg = Release|Any CPU
		{5018B35E-BEFB-45A0-9DF0-519204D0EDBE}.AppStore|ARM.Build.0 = Release|Any CPU
		{5018B35E-BEFB-45A0-9DF0-519204D0EDBE}.AppStore|ARM.Deploy.0 = Release|Any CPU
		{5018B35E-BEFB-45A0-9DF0-519204D0EDBE}.AppStore|iPhone.ActiveCfg = Release|Any CPU
		{5018B35E-BEFB-45A0-9DF0-519204D0EDBE}.AppStore|iPhone.Build.0 = Release|Any CPU
		{5018B35E-BEFB-45A0-9DF0-519204D0EDBE}.AppStore|iPhone.Deploy.0 = Release|Any CPU
		{5018B35E-BEFB-45A0-9DF0-519204D0EDBE}.AppStore|iPhoneSimulator.ActiveCfg = Release|Any CPU
		{5018B35E-BEFB-45A0-9DF0-519204D0EDBE}.AppStore|iPhoneSimulator.Build.0 = Release|Any CPU
		{5018B35E-BEFB-45A0-9DF0-519204D0EDBE}.AppStore|iPhoneSimulator.Deploy.0 = Release|Any CPU
		{5018B35E-BEFB-45A0-9DF0-519204D0EDBE}.AppStore|x64.ActiveCfg = Release|Any CPU
		{5018B35E-BEFB-45A0-9DF0-519204D0EDBE}.AppStore|x64.Build.0 = Release|Any CPU
		{5018B35E-BEFB-45A0-9DF0-519204D0EDBE}.AppStore|x64.Deploy.0 = Release|Any CPU
		{5018B35E-BEFB-45A0-9DF0-519204D0EDBE}.AppStore|x86.ActiveCfg = Release|Any CPU
		{5018B35E-BEFB-45A0-9DF0-519204D0EDBE}.AppStore|x86.Build.0 = Release|Any CPU
		{5018B35E-BEFB-45A0-9DF0-519204D0EDBE}.AppStore|x86.Deploy.0 = Release|Any CPU
		{5018B35E-BEFB-45A0-9DF0-519204D0EDBE}.Debug|Any CPU.ActiveCfg = Debug|Any CPU
		{5018B35E-BEFB-45A0-9DF0-519204D0EDBE}.Debug|Any CPU.Build.0 = Debug|Any CPU
		{5018B35E-BEFB-45A0-9DF0-519204D0EDBE}.Debug|Any CPU.Deploy.0 = Debug|Any CPU
		{5018B35E-BEFB-45A0-9DF0-519204D0EDBE}.Debug|ARM.ActiveCfg = Debug|Any CPU
		{5018B35E-BEFB-45A0-9DF0-519204D0EDBE}.Debug|ARM.Build.0 = Debug|Any CPU
		{5018B35E-BEFB-45A0-9DF0-519204D0EDBE}.Debug|ARM.Deploy.0 = Debug|Any CPU
		{5018B35E-BEFB-45A0-9DF0-519204D0EDBE}.Debug|iPhone.ActiveCfg = Debug|Any CPU
		{5018B35E-BEFB-45A0-9DF0-519204D0EDBE}.Debug|iPhone.Build.0 = Debug|Any CPU
		{5018B35E-BEFB-45A0-9DF0-519204D0EDBE}.Debug|iPhone.Deploy.0 = Debug|Any CPU
		{5018B35E-BEFB-45A0-9DF0-519204D0EDBE}.Debug|iPhoneSimulator.ActiveCfg = Debug|Any CPU
		{5018B35E-BEFB-45A0-9DF0-519204D0EDBE}.Debug|iPhoneSimulator.Build.0 = Debug|Any CPU
		{5018B35E-BEFB-45A0-9DF0-519204D0EDBE}.Debug|iPhoneSimulator.Deploy.0 = Debug|Any CPU
		{5018B35E-BEFB-45A0-9DF0-519204D0EDBE}.Debug|x64.ActiveCfg = Debug|Any CPU
		{5018B35E-BEFB-45A0-9DF0-519204D0EDBE}.Debug|x64.Build.0 = Debug|Any CPU
		{5018B35E-BEFB-45A0-9DF0-519204D0EDBE}.Debug|x64.Deploy.0 = Debug|Any CPU
		{5018B35E-BEFB-45A0-9DF0-519204D0EDBE}.Debug|x86.ActiveCfg = Debug|Any CPU
		{5018B35E-BEFB-45A0-9DF0-519204D0EDBE}.Debug|x86.Build.0 = Debug|Any CPU
		{5018B35E-BEFB-45A0-9DF0-519204D0EDBE}.Debug|x86.Deploy.0 = Debug|Any CPU
		{5018B35E-BEFB-45A0-9DF0-519204D0EDBE}.Release|Any CPU.ActiveCfg = Release|Any CPU
		{5018B35E-BEFB-45A0-9DF0-519204D0EDBE}.Release|Any CPU.Build.0 = Release|Any CPU
		{5018B35E-BEFB-45A0-9DF0-519204D0EDBE}.Release|Any CPU.Deploy.0 = Release|Any CPU
		{5018B35E-BEFB-45A0-9DF0-519204D0EDBE}.Release|ARM.ActiveCfg = Release|Any CPU
		{5018B35E-BEFB-45A0-9DF0-519204D0EDBE}.Release|ARM.Build.0 = Release|Any CPU
		{5018B35E-BEFB-45A0-9DF0-519204D0EDBE}.Release|ARM.Deploy.0 = Release|Any CPU
		{5018B35E-BEFB-45A0-9DF0-519204D0EDBE}.Release|iPhone.ActiveCfg = Release|Any CPU
		{5018B35E-BEFB-45A0-9DF0-519204D0EDBE}.Release|iPhone.Build.0 = Release|Any CPU
		{5018B35E-BEFB-45A0-9DF0-519204D0EDBE}.Release|iPhone.Deploy.0 = Release|Any CPU
		{5018B35E-BEFB-45A0-9DF0-519204D0EDBE}.Release|iPhoneSimulator.ActiveCfg = Release|Any CPU
		{5018B35E-BEFB-45A0-9DF0-519204D0EDBE}.Release|iPhoneSimulator.Build.0 = Release|Any CPU
		{5018B35E-BEFB-45A0-9DF0-519204D0EDBE}.Release|iPhoneSimulator.Deploy.0 = Release|Any CPU
		{5018B35E-BEFB-45A0-9DF0-519204D0EDBE}.Release|x64.ActiveCfg = Release|Any CPU
		{5018B35E-BEFB-45A0-9DF0-519204D0EDBE}.Release|x64.Build.0 = Release|Any CPU
		{5018B35E-BEFB-45A0-9DF0-519204D0EDBE}.Release|x64.Deploy.0 = Release|Any CPU
		{5018B35E-BEFB-45A0-9DF0-519204D0EDBE}.Release|x86.ActiveCfg = Release|Any CPU
		{5018B35E-BEFB-45A0-9DF0-519204D0EDBE}.Release|x86.Build.0 = Release|Any CPU
		{5018B35E-BEFB-45A0-9DF0-519204D0EDBE}.Release|x86.Deploy.0 = Release|Any CPU
		{DE5CD01C-DAC4-49D6-A96B-4AECA205271C}.Ad-Hoc|Any CPU.ActiveCfg = Ad-Hoc|iPhone
		{DE5CD01C-DAC4-49D6-A96B-4AECA205271C}.Ad-Hoc|Any CPU.Build.0 = Ad-Hoc|iPhone
		{DE5CD01C-DAC4-49D6-A96B-4AECA205271C}.Ad-Hoc|Any CPU.Deploy.0 = Ad-Hoc|iPhone
		{DE5CD01C-DAC4-49D6-A96B-4AECA205271C}.Ad-Hoc|ARM.ActiveCfg = Ad-Hoc|iPhone
		{DE5CD01C-DAC4-49D6-A96B-4AECA205271C}.Ad-Hoc|ARM.Build.0 = Ad-Hoc|iPhone
		{DE5CD01C-DAC4-49D6-A96B-4AECA205271C}.Ad-Hoc|ARM.Deploy.0 = Ad-Hoc|iPhone
		{DE5CD01C-DAC4-49D6-A96B-4AECA205271C}.Ad-Hoc|iPhone.ActiveCfg = Ad-Hoc|iPhone
		{DE5CD01C-DAC4-49D6-A96B-4AECA205271C}.Ad-Hoc|iPhone.Build.0 = Ad-Hoc|iPhone
		{DE5CD01C-DAC4-49D6-A96B-4AECA205271C}.Ad-Hoc|iPhone.Deploy.0 = Ad-Hoc|iPhone
		{DE5CD01C-DAC4-49D6-A96B-4AECA205271C}.Ad-Hoc|iPhoneSimulator.ActiveCfg = Ad-Hoc|iPhoneSimulator
		{DE5CD01C-DAC4-49D6-A96B-4AECA205271C}.Ad-Hoc|iPhoneSimulator.Build.0 = Ad-Hoc|iPhoneSimulator
		{DE5CD01C-DAC4-49D6-A96B-4AECA205271C}.Ad-Hoc|iPhoneSimulator.Deploy.0 = Ad-Hoc|iPhoneSimulator
		{DE5CD01C-DAC4-49D6-A96B-4AECA205271C}.Ad-Hoc|x64.ActiveCfg = Ad-Hoc|iPhone
		{DE5CD01C-DAC4-49D6-A96B-4AECA205271C}.Ad-Hoc|x64.Build.0 = Ad-Hoc|iPhone
		{DE5CD01C-DAC4-49D6-A96B-4AECA205271C}.Ad-Hoc|x64.Deploy.0 = Ad-Hoc|iPhone
		{DE5CD01C-DAC4-49D6-A96B-4AECA205271C}.Ad-Hoc|x86.ActiveCfg = Ad-Hoc|iPhone
		{DE5CD01C-DAC4-49D6-A96B-4AECA205271C}.Ad-Hoc|x86.Build.0 = Ad-Hoc|iPhone
		{DE5CD01C-DAC4-49D6-A96B-4AECA205271C}.Ad-Hoc|x86.Deploy.0 = Ad-Hoc|iPhone
		{DE5CD01C-DAC4-49D6-A96B-4AECA205271C}.AppStore|Any CPU.ActiveCfg = AppStore|iPhone
		{DE5CD01C-DAC4-49D6-A96B-4AECA205271C}.AppStore|Any CPU.Build.0 = AppStore|iPhone
		{DE5CD01C-DAC4-49D6-A96B-4AECA205271C}.AppStore|Any CPU.Deploy.0 = AppStore|iPhone
		{DE5CD01C-DAC4-49D6-A96B-4AECA205271C}.AppStore|ARM.ActiveCfg = AppStore|iPhone
		{DE5CD01C-DAC4-49D6-A96B-4AECA205271C}.AppStore|ARM.Build.0 = AppStore|iPhone
		{DE5CD01C-DAC4-49D6-A96B-4AECA205271C}.AppStore|ARM.Deploy.0 = AppStore|iPhone
		{DE5CD01C-DAC4-49D6-A96B-4AECA205271C}.AppStore|iPhone.ActiveCfg = AppStore|iPhone
		{DE5CD01C-DAC4-49D6-A96B-4AECA205271C}.AppStore|iPhone.Build.0 = AppStore|iPhone
		{DE5CD01C-DAC4-49D6-A96B-4AECA205271C}.AppStore|iPhone.Deploy.0 = AppStore|iPhone
		{DE5CD01C-DAC4-49D6-A96B-4AECA205271C}.AppStore|iPhoneSimulator.ActiveCfg = AppStore|iPhoneSimulator
		{DE5CD01C-DAC4-49D6-A96B-4AECA205271C}.AppStore|iPhoneSimulator.Build.0 = AppStore|iPhoneSimulator
		{DE5CD01C-DAC4-49D6-A96B-4AECA205271C}.AppStore|iPhoneSimulator.Deploy.0 = AppStore|iPhoneSimulator
		{DE5CD01C-DAC4-49D6-A96B-4AECA205271C}.AppStore|x64.ActiveCfg = AppStore|iPhone
		{DE5CD01C-DAC4-49D6-A96B-4AECA205271C}.AppStore|x64.Build.0 = AppStore|iPhone
		{DE5CD01C-DAC4-49D6-A96B-4AECA205271C}.AppStore|x64.Deploy.0 = AppStore|iPhone
		{DE5CD01C-DAC4-49D6-A96B-4AECA205271C}.AppStore|x86.ActiveCfg = AppStore|iPhone
		{DE5CD01C-DAC4-49D6-A96B-4AECA205271C}.AppStore|x86.Build.0 = AppStore|iPhone
		{DE5CD01C-DAC4-49D6-A96B-4AECA205271C}.AppStore|x86.Deploy.0 = AppStore|iPhone
		{DE5CD01C-DAC4-49D6-A96B-4AECA205271C}.Debug|Any CPU.ActiveCfg = Debug|iPhoneSimulator
		{DE5CD01C-DAC4-49D6-A96B-4AECA205271C}.Debug|Any CPU.Build.0 = Debug|iPhoneSimulator
		{DE5CD01C-DAC4-49D6-A96B-4AECA205271C}.Debug|Any CPU.Deploy.0 = Debug|iPhoneSimulator
		{DE5CD01C-DAC4-49D6-A96B-4AECA205271C}.Debug|ARM.ActiveCfg = Debug|iPhone
		{DE5CD01C-DAC4-49D6-A96B-4AECA205271C}.Debug|ARM.Build.0 = Debug|iPhone
		{DE5CD01C-DAC4-49D6-A96B-4AECA205271C}.Debug|ARM.Deploy.0 = Debug|iPhone
		{DE5CD01C-DAC4-49D6-A96B-4AECA205271C}.Debug|iPhone.ActiveCfg = Debug|iPhone
		{DE5CD01C-DAC4-49D6-A96B-4AECA205271C}.Debug|iPhone.Build.0 = Debug|iPhone
		{DE5CD01C-DAC4-49D6-A96B-4AECA205271C}.Debug|iPhone.Deploy.0 = Debug|iPhone
		{DE5CD01C-DAC4-49D6-A96B-4AECA205271C}.Debug|iPhoneSimulator.ActiveCfg = Debug|iPhoneSimulator
		{DE5CD01C-DAC4-49D6-A96B-4AECA205271C}.Debug|iPhoneSimulator.Build.0 = Debug|iPhoneSimulator
		{DE5CD01C-DAC4-49D6-A96B-4AECA205271C}.Debug|iPhoneSimulator.Deploy.0 = Debug|iPhoneSimulator
		{DE5CD01C-DAC4-49D6-A96B-4AECA205271C}.Debug|x64.ActiveCfg = Debug|iPhone
		{DE5CD01C-DAC4-49D6-A96B-4AECA205271C}.Debug|x64.Build.0 = Debug|iPhone
		{DE5CD01C-DAC4-49D6-A96B-4AECA205271C}.Debug|x64.Deploy.0 = Debug|iPhone
		{DE5CD01C-DAC4-49D6-A96B-4AECA205271C}.Debug|x86.ActiveCfg = Debug|iPhone
		{DE5CD01C-DAC4-49D6-A96B-4AECA205271C}.Debug|x86.Build.0 = Debug|iPhone
		{DE5CD01C-DAC4-49D6-A96B-4AECA205271C}.Debug|x86.Deploy.0 = Debug|iPhone
		{DE5CD01C-DAC4-49D6-A96B-4AECA205271C}.Release|Any CPU.ActiveCfg = Release|iPhone
		{DE5CD01C-DAC4-49D6-A96B-4AECA205271C}.Release|Any CPU.Build.0 = Release|iPhone
		{DE5CD01C-DAC4-49D6-A96B-4AECA205271C}.Release|Any CPU.Deploy.0 = Release|iPhone
		{DE5CD01C-DAC4-49D6-A96B-4AECA205271C}.Release|ARM.ActiveCfg = Release|iPhone
		{DE5CD01C-DAC4-49D6-A96B-4AECA205271C}.Release|ARM.Build.0 = Release|iPhone
		{DE5CD01C-DAC4-49D6-A96B-4AECA205271C}.Release|ARM.Deploy.0 = Release|iPhone
		{DE5CD01C-DAC4-49D6-A96B-4AECA205271C}.Release|iPhone.ActiveCfg = Release|iPhone
		{DE5CD01C-DAC4-49D6-A96B-4AECA205271C}.Release|iPhone.Build.0 = Release|iPhone
		{DE5CD01C-DAC4-49D6-A96B-4AECA205271C}.Release|iPhone.Deploy.0 = Release|iPhone
		{DE5CD01C-DAC4-49D6-A96B-4AECA205271C}.Release|iPhoneSimulator.ActiveCfg = Release|iPhoneSimulator
		{DE5CD01C-DAC4-49D6-A96B-4AECA205271C}.Release|iPhoneSimulator.Build.0 = Release|iPhoneSimulator
		{DE5CD01C-DAC4-49D6-A96B-4AECA205271C}.Release|iPhoneSimulator.Deploy.0 = Release|iPhoneSimulator
		{DE5CD01C-DAC4-49D6-A96B-4AECA205271C}.Release|x64.ActiveCfg = Release|iPhone
		{DE5CD01C-DAC4-49D6-A96B-4AECA205271C}.Release|x64.Build.0 = Release|iPhone
		{DE5CD01C-DAC4-49D6-A96B-4AECA205271C}.Release|x64.Deploy.0 = Release|iPhone
		{DE5CD01C-DAC4-49D6-A96B-4AECA205271C}.Release|x86.ActiveCfg = Release|iPhone
		{DE5CD01C-DAC4-49D6-A96B-4AECA205271C}.Release|x86.Build.0 = Release|iPhone
		{DE5CD01C-DAC4-49D6-A96B-4AECA205271C}.Release|x86.Deploy.0 = Release|iPhone
		{49541CB6-03DD-411A-86DD-E3DC445A0A6C}.Ad-Hoc|Any CPU.ActiveCfg = Release|x86
		{49541CB6-03DD-411A-86DD-E3DC445A0A6C}.Ad-Hoc|Any CPU.Build.0 = Release|x86
		{49541CB6-03DD-411A-86DD-E3DC445A0A6C}.Ad-Hoc|Any CPU.Deploy.0 = Release|x86
		{49541CB6-03DD-411A-86DD-E3DC445A0A6C}.Ad-Hoc|ARM.ActiveCfg = Release|ARM
		{49541CB6-03DD-411A-86DD-E3DC445A0A6C}.Ad-Hoc|ARM.Build.0 = Release|ARM
		{49541CB6-03DD-411A-86DD-E3DC445A0A6C}.Ad-Hoc|ARM.Deploy.0 = Release|ARM
		{49541CB6-03DD-411A-86DD-E3DC445A0A6C}.Ad-Hoc|iPhone.ActiveCfg = Release|x86
		{49541CB6-03DD-411A-86DD-E3DC445A0A6C}.Ad-Hoc|iPhone.Build.0 = Release|x86
		{49541CB6-03DD-411A-86DD-E3DC445A0A6C}.Ad-Hoc|iPhone.Deploy.0 = Release|x86
		{49541CB6-03DD-411A-86DD-E3DC445A0A6C}.Ad-Hoc|iPhoneSimulator.ActiveCfg = Release|x86
		{49541CB6-03DD-411A-86DD-E3DC445A0A6C}.Ad-Hoc|iPhoneSimulator.Build.0 = Release|x86
		{49541CB6-03DD-411A-86DD-E3DC445A0A6C}.Ad-Hoc|iPhoneSimulator.Deploy.0 = Release|x86
		{49541CB6-03DD-411A-86DD-E3DC445A0A6C}.Ad-Hoc|x64.ActiveCfg = Release|x64
		{49541CB6-03DD-411A-86DD-E3DC445A0A6C}.Ad-Hoc|x64.Build.0 = Release|x64
		{49541CB6-03DD-411A-86DD-E3DC445A0A6C}.Ad-Hoc|x64.Deploy.0 = Release|x64
		{49541CB6-03DD-411A-86DD-E3DC445A0A6C}.Ad-Hoc|x86.ActiveCfg = Release|x86
		{49541CB6-03DD-411A-86DD-E3DC445A0A6C}.Ad-Hoc|x86.Build.0 = Release|x86
		{49541CB6-03DD-411A-86DD-E3DC445A0A6C}.Ad-Hoc|x86.Deploy.0 = Release|x86
		{49541CB6-03DD-411A-86DD-E3DC445A0A6C}.AppStore|Any CPU.ActiveCfg = Release|x86
		{49541CB6-03DD-411A-86DD-E3DC445A0A6C}.AppStore|Any CPU.Build.0 = Release|x86
		{49541CB6-03DD-411A-86DD-E3DC445A0A6C}.AppStore|Any CPU.Deploy.0 = Release|x86
		{49541CB6-03DD-411A-86DD-E3DC445A0A6C}.AppStore|ARM.ActiveCfg = Release|ARM
		{49541CB6-03DD-411A-86DD-E3DC445A0A6C}.AppStore|ARM.Build.0 = Release|ARM
		{49541CB6-03DD-411A-86DD-E3DC445A0A6C}.AppStore|ARM.Deploy.0 = Release|ARM
		{49541CB6-03DD-411A-86DD-E3DC445A0A6C}.AppStore|iPhone.ActiveCfg = Release|x86
		{49541CB6-03DD-411A-86DD-E3DC445A0A6C}.AppStore|iPhone.Build.0 = Release|x86
		{49541CB6-03DD-411A-86DD-E3DC445A0A6C}.AppStore|iPhone.Deploy.0 = Release|x86
		{49541CB6-03DD-411A-86DD-E3DC445A0A6C}.AppStore|iPhoneSimulator.ActiveCfg = Release|x86
		{49541CB6-03DD-411A-86DD-E3DC445A0A6C}.AppStore|iPhoneSimulator.Build.0 = Release|x86
		{49541CB6-03DD-411A-86DD-E3DC445A0A6C}.AppStore|iPhoneSimulator.Deploy.0 = Release|x86
		{49541CB6-03DD-411A-86DD-E3DC445A0A6C}.AppStore|x64.ActiveCfg = Release|x64
		{49541CB6-03DD-411A-86DD-E3DC445A0A6C}.AppStore|x64.Build.0 = Release|x64
		{49541CB6-03DD-411A-86DD-E3DC445A0A6C}.AppStore|x64.Deploy.0 = Release|x64
		{49541CB6-03DD-411A-86DD-E3DC445A0A6C}.AppStore|x86.ActiveCfg = Release|x86
		{49541CB6-03DD-411A-86DD-E3DC445A0A6C}.AppStore|x86.Build.0 = Release|x86
		{49541CB6-03DD-411A-86DD-E3DC445A0A6C}.AppStore|x86.Deploy.0 = Release|x86
		{49541CB6-03DD-411A-86DD-E3DC445A0A6C}.Debug|Any CPU.ActiveCfg = Debug|x86
		{49541CB6-03DD-411A-86DD-E3DC445A0A6C}.Debug|Any CPU.Build.0 = Debug|x86
		{49541CB6-03DD-411A-86DD-E3DC445A0A6C}.Debug|Any CPU.Deploy.0 = Debug|x86
		{49541CB6-03DD-411A-86DD-E3DC445A0A6C}.Debug|ARM.ActiveCfg = Debug|ARM
		{49541CB6-03DD-411A-86DD-E3DC445A0A6C}.Debug|ARM.Build.0 = Debug|ARM
		{49541CB6-03DD-411A-86DD-E3DC445A0A6C}.Debug|ARM.Deploy.0 = Debug|ARM
		{49541CB6-03DD-411A-86DD-E3DC445A0A6C}.Debug|iPhone.ActiveCfg = Debug|x86
		{49541CB6-03DD-411A-86DD-E3DC445A0A6C}.Debug|iPhone.Build.0 = Debug|x86
		{49541CB6-03DD-411A-86DD-E3DC445A0A6C}.Debug|iPhone.Deploy.0 = Debug|x86
		{49541CB6-03DD-411A-86DD-E3DC445A0A6C}.Debug|iPhoneSimulator.ActiveCfg = Debug|x86
		{49541CB6-03DD-411A-86DD-E3DC445A0A6C}.Debug|iPhoneSimulator.Build.0 = Debug|x86
		{49541CB6-03DD-411A-86DD-E3DC445A0A6C}.Debug|iPhoneSimulator.Deploy.0 = Debug|x86
		{49541CB6-03DD-411A-86DD-E3DC445A0A6C}.Debug|x64.ActiveCfg = Debug|x64
		{49541CB6-03DD-411A-86DD-E3DC445A0A6C}.Debug|x64.Build.0 = Debug|x64
		{49541CB6-03DD-411A-86DD-E3DC445A0A6C}.Debug|x64.Deploy.0 = Debug|x64
		{49541CB6-03DD-411A-86DD-E3DC445A0A6C}.Debug|x86.ActiveCfg = Debug|x86
		{49541CB6-03DD-411A-86DD-E3DC445A0A6C}.Debug|x86.Build.0 = Debug|x86
		{49541CB6-03DD-411A-86DD-E3DC445A0A6C}.Debug|x86.Deploy.0 = Debug|x86
		{49541CB6-03DD-411A-86DD-E3DC445A0A6C}.Release|Any CPU.ActiveCfg = Release|x86
		{49541CB6-03DD-411A-86DD-E3DC445A0A6C}.Release|Any CPU.Build.0 = Release|x86
		{49541CB6-03DD-411A-86DD-E3DC445A0A6C}.Release|Any CPU.Deploy.0 = Release|x86
		{49541CB6-03DD-411A-86DD-E3DC445A0A6C}.Release|ARM.ActiveCfg = Release|ARM
		{49541CB6-03DD-411A-86DD-E3DC445A0A6C}.Release|ARM.Build.0 = Release|ARM
		{49541CB6-03DD-411A-86DD-E3DC445A0A6C}.Release|ARM.Deploy.0 = Release|ARM
		{49541CB6-03DD-411A-86DD-E3DC445A0A6C}.Release|iPhone.ActiveCfg = Release|x86
		{49541CB6-03DD-411A-86DD-E3DC445A0A6C}.Release|iPhone.Build.0 = Release|x86
		{49541CB6-03DD-411A-86DD-E3DC445A0A6C}.Release|iPhone.Deploy.0 = Release|x86
		{49541CB6-03DD-411A-86DD-E3DC445A0A6C}.Release|iPhoneSimulator.ActiveCfg = Release|x86
		{49541CB6-03DD-411A-86DD-E3DC445A0A6C}.Release|iPhoneSimulator.Build.0 = Release|x86
		{49541CB6-03DD-411A-86DD-E3DC445A0A6C}.Release|iPhoneSimulator.Deploy.0 = Release|x86
		{49541CB6-03DD-411A-86DD-E3DC445A0A6C}.Release|x64.ActiveCfg = Release|x64
		{49541CB6-03DD-411A-86DD-E3DC445A0A6C}.Release|x64.Build.0 = Release|x64
		{49541CB6-03DD-411A-86DD-E3DC445A0A6C}.Release|x64.Deploy.0 = Release|x64
		{49541CB6-03DD-411A-86DD-E3DC445A0A6C}.Release|x86.ActiveCfg = Release|x86
		{49541CB6-03DD-411A-86DD-E3DC445A0A6C}.Release|x86.Build.0 = Release|x86
		{49541CB6-03DD-411A-86DD-E3DC445A0A6C}.Release|x86.Deploy.0 = Release|x86
		{8A733577-1011-4060-80B3-21CD6C2DC332}.Ad-Hoc|Any CPU.ActiveCfg = Debug|Any CPU
		{8A733577-1011-4060-80B3-21CD6C2DC332}.Ad-Hoc|Any CPU.Build.0 = Debug|Any CPU
		{8A733577-1011-4060-80B3-21CD6C2DC332}.Ad-Hoc|Any CPU.Deploy.0 = Debug|Any CPU
		{8A733577-1011-4060-80B3-21CD6C2DC332}.Ad-Hoc|ARM.ActiveCfg = Debug|Any CPU
		{8A733577-1011-4060-80B3-21CD6C2DC332}.Ad-Hoc|ARM.Build.0 = Debug|Any CPU
		{8A733577-1011-4060-80B3-21CD6C2DC332}.Ad-Hoc|ARM.Deploy.0 = Debug|Any CPU
		{8A733577-1011-4060-80B3-21CD6C2DC332}.Ad-Hoc|iPhone.ActiveCfg = Debug|Any CPU
		{8A733577-1011-4060-80B3-21CD6C2DC332}.Ad-Hoc|iPhone.Build.0 = Debug|Any CPU
		{8A733577-1011-4060-80B3-21CD6C2DC332}.Ad-Hoc|iPhone.Deploy.0 = Debug|Any CPU
		{8A733577-1011-4060-80B3-21CD6C2DC332}.Ad-Hoc|iPhoneSimulator.ActiveCfg = Debug|Any CPU
		{8A733577-1011-4060-80B3-21CD6C2DC332}.Ad-Hoc|iPhoneSimulator.Build.0 = Debug|Any CPU
		{8A733577-1011-4060-80B3-21CD6C2DC332}.Ad-Hoc|iPhoneSimulator.Deploy.0 = Debug|Any CPU
		{8A733577-1011-4060-80B3-21CD6C2DC332}.Ad-Hoc|x64.ActiveCfg = Debug|Any CPU
		{8A733577-1011-4060-80B3-21CD6C2DC332}.Ad-Hoc|x64.Build.0 = Debug|Any CPU
		{8A733577-1011-4060-80B3-21CD6C2DC332}.Ad-Hoc|x64.Deploy.0 = Debug|Any CPU
		{8A733577-1011-4060-80B3-21CD6C2DC332}.Ad-Hoc|x86.ActiveCfg = Debug|Any CPU
		{8A733577-1011-4060-80B3-21CD6C2DC332}.Ad-Hoc|x86.Build.0 = Debug|Any CPU
		{8A733577-1011-4060-80B3-21CD6C2DC332}.Ad-Hoc|x86.Deploy.0 = Debug|Any CPU
		{8A733577-1011-4060-80B3-21CD6C2DC332}.AppStore|Any CPU.ActiveCfg = Debug|Any CPU
		{8A733577-1011-4060-80B3-21CD6C2DC332}.AppStore|Any CPU.Build.0 = Debug|Any CPU
		{8A733577-1011-4060-80B3-21CD6C2DC332}.AppStore|Any CPU.Deploy.0 = Debug|Any CPU
		{8A733577-1011-4060-80B3-21CD6C2DC332}.AppStore|ARM.ActiveCfg = Debug|Any CPU
		{8A733577-1011-4060-80B3-21CD6C2DC332}.AppStore|ARM.Build.0 = Debug|Any CPU
		{8A733577-1011-4060-80B3-21CD6C2DC332}.AppStore|ARM.Deploy.0 = Debug|Any CPU
		{8A733577-1011-4060-80B3-21CD6C2DC332}.AppStore|iPhone.ActiveCfg = Debug|Any CPU
		{8A733577-1011-4060-80B3-21CD6C2DC332}.AppStore|iPhone.Build.0 = Debug|Any CPU
		{8A733577-1011-4060-80B3-21CD6C2DC332}.AppStore|iPhone.Deploy.0 = Debug|Any CPU
		{8A733577-1011-4060-80B3-21CD6C2DC332}.AppStore|iPhoneSimulator.ActiveCfg = Debug|Any CPU
		{8A733577-1011-4060-80B3-21CD6C2DC332}.AppStore|iPhoneSimulator.Build.0 = Debug|Any CPU
		{8A733577-1011-4060-80B3-21CD6C2DC332}.AppStore|iPhoneSimulator.Deploy.0 = Debug|Any CPU
		{8A733577-1011-4060-80B3-21CD6C2DC332}.AppStore|x64.ActiveCfg = Debug|Any CPU
		{8A733577-1011-4060-80B3-21CD6C2DC332}.AppStore|x64.Build.0 = Debug|Any CPU
		{8A733577-1011-4060-80B3-21CD6C2DC332}.AppStore|x64.Deploy.0 = Debug|Any CPU
		{8A733577-1011-4060-80B3-21CD6C2DC332}.AppStore|x86.ActiveCfg = Debug|Any CPU
		{8A733577-1011-4060-80B3-21CD6C2DC332}.AppStore|x86.Build.0 = Debug|Any CPU
		{8A733577-1011-4060-80B3-21CD6C2DC332}.AppStore|x86.Deploy.0 = Debug|Any CPU
		{8A733577-1011-4060-80B3-21CD6C2DC332}.Debug|Any CPU.ActiveCfg = Debug|Any CPU
		{8A733577-1011-4060-80B3-21CD6C2DC332}.Debug|Any CPU.Build.0 = Debug|Any CPU
		{8A733577-1011-4060-80B3-21CD6C2DC332}.Debug|Any CPU.Deploy.0 = Debug|Any CPU
		{8A733577-1011-4060-80B3-21CD6C2DC332}.Debug|ARM.ActiveCfg = Debug|Any CPU
		{8A733577-1011-4060-80B3-21CD6C2DC332}.Debug|ARM.Build.0 = Debug|Any CPU
		{8A733577-1011-4060-80B3-21CD6C2DC332}.Debug|ARM.Deploy.0 = Debug|Any CPU
		{8A733577-1011-4060-80B3-21CD6C2DC332}.Debug|iPhone.ActiveCfg = Debug|Any CPU
		{8A733577-1011-4060-80B3-21CD6C2DC332}.Debug|iPhone.Build.0 = Debug|Any CPU
		{8A733577-1011-4060-80B3-21CD6C2DC332}.Debug|iPhone.Deploy.0 = Debug|Any CPU
		{8A733577-1011-4060-80B3-21CD6C2DC332}.Debug|iPhoneSimulator.ActiveCfg = Debug|Any CPU
		{8A733577-1011-4060-80B3-21CD6C2DC332}.Debug|iPhoneSimulator.Build.0 = Debug|Any CPU
		{8A733577-1011-4060-80B3-21CD6C2DC332}.Debug|iPhoneSimulator.Deploy.0 = Debug|Any CPU
		{8A733577-1011-4060-80B3-21CD6C2DC332}.Debug|x64.ActiveCfg = Debug|Any CPU
		{8A733577-1011-4060-80B3-21CD6C2DC332}.Debug|x64.Build.0 = Debug|Any CPU
		{8A733577-1011-4060-80B3-21CD6C2DC332}.Debug|x64.Deploy.0 = Debug|Any CPU
		{8A733577-1011-4060-80B3-21CD6C2DC332}.Debug|x86.ActiveCfg = Debug|Any CPU
		{8A733577-1011-4060-80B3-21CD6C2DC332}.Debug|x86.Build.0 = Debug|Any CPU
		{8A733577-1011-4060-80B3-21CD6C2DC332}.Debug|x86.Deploy.0 = Debug|Any CPU
		{8A733577-1011-4060-80B3-21CD6C2DC332}.Release|Any CPU.ActiveCfg = Release|Any CPU
		{8A733577-1011-4060-80B3-21CD6C2DC332}.Release|Any CPU.Build.0 = Release|Any CPU
		{8A733577-1011-4060-80B3-21CD6C2DC332}.Release|Any CPU.Deploy.0 = Release|Any CPU
		{8A733577-1011-4060-80B3-21CD6C2DC332}.Release|ARM.ActiveCfg = Release|Any CPU
		{8A733577-1011-4060-80B3-21CD6C2DC332}.Release|ARM.Build.0 = Release|Any CPU
		{8A733577-1011-4060-80B3-21CD6C2DC332}.Release|ARM.Deploy.0 = Release|Any CPU
		{8A733577-1011-4060-80B3-21CD6C2DC332}.Release|iPhone.ActiveCfg = Release|Any CPU
		{8A733577-1011-4060-80B3-21CD6C2DC332}.Release|iPhone.Build.0 = Release|Any CPU
		{8A733577-1011-4060-80B3-21CD6C2DC332}.Release|iPhone.Deploy.0 = Release|Any CPU
		{8A733577-1011-4060-80B3-21CD6C2DC332}.Release|iPhoneSimulator.ActiveCfg = Release|Any CPU
		{8A733577-1011-4060-80B3-21CD6C2DC332}.Release|iPhoneSimulator.Build.0 = Release|Any CPU
		{8A733577-1011-4060-80B3-21CD6C2DC332}.Release|iPhoneSimulator.Deploy.0 = Release|Any CPU
		{8A733577-1011-4060-80B3-21CD6C2DC332}.Release|x64.ActiveCfg = Release|Any CPU
		{8A733577-1011-4060-80B3-21CD6C2DC332}.Release|x64.Build.0 = Release|Any CPU
		{8A733577-1011-4060-80B3-21CD6C2DC332}.Release|x64.Deploy.0 = Release|Any CPU
		{8A733577-1011-4060-80B3-21CD6C2DC332}.Release|x86.ActiveCfg = Release|Any CPU
		{8A733577-1011-4060-80B3-21CD6C2DC332}.Release|x86.Build.0 = Release|Any CPU
		{8A733577-1011-4060-80B3-21CD6C2DC332}.Release|x86.Deploy.0 = Release|Any CPU
		{5883E548-5D7F-4C2F-8DA6-E03A51EB9841}.Ad-Hoc|Any CPU.ActiveCfg = Release|Any CPU
		{5883E548-5D7F-4C2F-8DA6-E03A51EB9841}.Ad-Hoc|Any CPU.Build.0 = Release|Any CPU
		{5883E548-5D7F-4C2F-8DA6-E03A51EB9841}.Ad-Hoc|ARM.ActiveCfg = Release|Any CPU
		{5883E548-5D7F-4C2F-8DA6-E03A51EB9841}.Ad-Hoc|ARM.Build.0 = Release|Any CPU
		{5883E548-5D7F-4C2F-8DA6-E03A51EB9841}.Ad-Hoc|iPhone.ActiveCfg = Release|Any CPU
		{5883E548-5D7F-4C2F-8DA6-E03A51EB9841}.Ad-Hoc|iPhone.Build.0 = Release|Any CPU
		{5883E548-5D7F-4C2F-8DA6-E03A51EB9841}.Ad-Hoc|iPhoneSimulator.ActiveCfg = Release|Any CPU
		{5883E548-5D7F-4C2F-8DA6-E03A51EB9841}.Ad-Hoc|iPhoneSimulator.Build.0 = Release|Any CPU
		{5883E548-5D7F-4C2F-8DA6-E03A51EB9841}.Ad-Hoc|x64.ActiveCfg = Release|Any CPU
		{5883E548-5D7F-4C2F-8DA6-E03A51EB9841}.Ad-Hoc|x64.Build.0 = Release|Any CPU
		{5883E548-5D7F-4C2F-8DA6-E03A51EB9841}.Ad-Hoc|x86.ActiveCfg = Release|Any CPU
		{5883E548-5D7F-4C2F-8DA6-E03A51EB9841}.Ad-Hoc|x86.Build.0 = Release|Any CPU
		{5883E548-5D7F-4C2F-8DA6-E03A51EB9841}.AppStore|Any CPU.ActiveCfg = Release|Any CPU
		{5883E548-5D7F-4C2F-8DA6-E03A51EB9841}.AppStore|Any CPU.Build.0 = Release|Any CPU
		{5883E548-5D7F-4C2F-8DA6-E03A51EB9841}.AppStore|ARM.ActiveCfg = Release|Any CPU
		{5883E548-5D7F-4C2F-8DA6-E03A51EB9841}.AppStore|ARM.Build.0 = Release|Any CPU
		{5883E548-5D7F-4C2F-8DA6-E03A51EB9841}.AppStore|iPhone.ActiveCfg = Release|Any CPU
		{5883E548-5D7F-4C2F-8DA6-E03A51EB9841}.AppStore|iPhone.Build.0 = Release|Any CPU
		{5883E548-5D7F-4C2F-8DA6-E03A51EB9841}.AppStore|iPhoneSimulator.ActiveCfg = Release|Any CPU
		{5883E548-5D7F-4C2F-8DA6-E03A51EB9841}.AppStore|iPhoneSimulator.Build.0 = Release|Any CPU
		{5883E548-5D7F-4C2F-8DA6-E03A51EB9841}.AppStore|x64.ActiveCfg = Release|Any CPU
		{5883E548-5D7F-4C2F-8DA6-E03A51EB9841}.AppStore|x64.Build.0 = Release|Any CPU
		{5883E548-5D7F-4C2F-8DA6-E03A51EB9841}.AppStore|x86.ActiveCfg = Release|Any CPU
		{5883E548-5D7F-4C2F-8DA6-E03A51EB9841}.AppStore|x86.Build.0 = Release|Any CPU
		{5883E548-5D7F-4C2F-8DA6-E03A51EB9841}.Debug|Any CPU.ActiveCfg = Debug|Any CPU
		{5883E548-5D7F-4C2F-8DA6-E03A51EB9841}.Debug|Any CPU.Build.0 = Debug|Any CPU
		{5883E548-5D7F-4C2F-8DA6-E03A51EB9841}.Debug|ARM.ActiveCfg = Debug|Any CPU
		{5883E548-5D7F-4C2F-8DA6-E03A51EB9841}.Debug|ARM.Build.0 = Debug|Any CPU
		{5883E548-5D7F-4C2F-8DA6-E03A51EB9841}.Debug|iPhone.ActiveCfg = Debug|Any CPU
		{5883E548-5D7F-4C2F-8DA6-E03A51EB9841}.Debug|iPhone.Build.0 = Debug|Any CPU
		{5883E548-5D7F-4C2F-8DA6-E03A51EB9841}.Debug|iPhoneSimulator.ActiveCfg = Debug|Any CPU
		{5883E548-5D7F-4C2F-8DA6-E03A51EB9841}.Debug|iPhoneSimulator.Build.0 = Debug|Any CPU
		{5883E548-5D7F-4C2F-8DA6-E03A51EB9841}.Debug|x64.ActiveCfg = Debug|Any CPU
		{5883E548-5D7F-4C2F-8DA6-E03A51EB9841}.Debug|x64.Build.0 = Debug|Any CPU
		{5883E548-5D7F-4C2F-8DA6-E03A51EB9841}.Debug|x86.ActiveCfg = Debug|Any CPU
		{5883E548-5D7F-4C2F-8DA6-E03A51EB9841}.Debug|x86.Build.0 = Debug|Any CPU
		{5883E548-5D7F-4C2F-8DA6-E03A51EB9841}.Release|Any CPU.ActiveCfg = Release|Any CPU
		{5883E548-5D7F-4C2F-8DA6-E03A51EB9841}.Release|Any CPU.Build.0 = Release|Any CPU
		{5883E548-5D7F-4C2F-8DA6-E03A51EB9841}.Release|ARM.ActiveCfg = Release|Any CPU
		{5883E548-5D7F-4C2F-8DA6-E03A51EB9841}.Release|ARM.Build.0 = Release|Any CPU
		{5883E548-5D7F-4C2F-8DA6-E03A51EB9841}.Release|iPhone.ActiveCfg = Release|Any CPU
		{5883E548-5D7F-4C2F-8DA6-E03A51EB9841}.Release|iPhone.Build.0 = Release|Any CPU
		{5883E548-5D7F-4C2F-8DA6-E03A51EB9841}.Release|iPhoneSimulator.ActiveCfg = Release|Any CPU
		{5883E548-5D7F-4C2F-8DA6-E03A51EB9841}.Release|iPhoneSimulator.Build.0 = Release|Any CPU
		{5883E548-5D7F-4C2F-8DA6-E03A51EB9841}.Release|x64.ActiveCfg = Release|Any CPU
		{5883E548-5D7F-4C2F-8DA6-E03A51EB9841}.Release|x64.Build.0 = Release|Any CPU
		{5883E548-5D7F-4C2F-8DA6-E03A51EB9841}.Release|x86.ActiveCfg = Release|Any CPU
		{5883E548-5D7F-4C2F-8DA6-E03A51EB9841}.Release|x86.Build.0 = Release|Any CPU
		{9BABE165-5B1B-4867-B66C-D852AC8F8FD6}.Ad-Hoc|Any CPU.ActiveCfg = Release|Any CPU
		{9BABE165-5B1B-4867-B66C-D852AC8F8FD6}.Ad-Hoc|Any CPU.Build.0 = Release|Any CPU
		{9BABE165-5B1B-4867-B66C-D852AC8F8FD6}.Ad-Hoc|ARM.ActiveCfg = Release|Any CPU
		{9BABE165-5B1B-4867-B66C-D852AC8F8FD6}.Ad-Hoc|ARM.Build.0 = Release|Any CPU
		{9BABE165-5B1B-4867-B66C-D852AC8F8FD6}.Ad-Hoc|iPhone.ActiveCfg = Release|Any CPU
		{9BABE165-5B1B-4867-B66C-D852AC8F8FD6}.Ad-Hoc|iPhone.Build.0 = Release|Any CPU
		{9BABE165-5B1B-4867-B66C-D852AC8F8FD6}.Ad-Hoc|iPhoneSimulator.ActiveCfg = Release|Any CPU
		{9BABE165-5B1B-4867-B66C-D852AC8F8FD6}.Ad-Hoc|iPhoneSimulator.Build.0 = Release|Any CPU
		{9BABE165-5B1B-4867-B66C-D852AC8F8FD6}.Ad-Hoc|x64.ActiveCfg = Release|Any CPU
		{9BABE165-5B1B-4867-B66C-D852AC8F8FD6}.Ad-Hoc|x64.Build.0 = Release|Any CPU
		{9BABE165-5B1B-4867-B66C-D852AC8F8FD6}.Ad-Hoc|x86.ActiveCfg = Release|Any CPU
		{9BABE165-5B1B-4867-B66C-D852AC8F8FD6}.Ad-Hoc|x86.Build.0 = Release|Any CPU
		{9BABE165-5B1B-4867-B66C-D852AC8F8FD6}.AppStore|Any CPU.ActiveCfg = Release|Any CPU
		{9BABE165-5B1B-4867-B66C-D852AC8F8FD6}.AppStore|Any CPU.Build.0 = Release|Any CPU
		{9BABE165-5B1B-4867-B66C-D852AC8F8FD6}.AppStore|ARM.ActiveCfg = Release|Any CPU
		{9BABE165-5B1B-4867-B66C-D852AC8F8FD6}.AppStore|ARM.Build.0 = Release|Any CPU
		{9BABE165-5B1B-4867-B66C-D852AC8F8FD6}.AppStore|iPhone.ActiveCfg = Release|Any CPU
		{9BABE165-5B1B-4867-B66C-D852AC8F8FD6}.AppStore|iPhone.Build.0 = Release|Any CPU
		{9BABE165-5B1B-4867-B66C-D852AC8F8FD6}.AppStore|iPhoneSimulator.ActiveCfg = Release|Any CPU
		{9BABE165-5B1B-4867-B66C-D852AC8F8FD6}.AppStore|iPhoneSimulator.Build.0 = Release|Any CPU
		{9BABE165-5B1B-4867-B66C-D852AC8F8FD6}.AppStore|x64.ActiveCfg = Release|Any CPU
		{9BABE165-5B1B-4867-B66C-D852AC8F8FD6}.AppStore|x64.Build.0 = Release|Any CPU
		{9BABE165-5B1B-4867-B66C-D852AC8F8FD6}.AppStore|x86.ActiveCfg = Release|Any CPU
		{9BABE165-5B1B-4867-B66C-D852AC8F8FD6}.AppStore|x86.Build.0 = Release|Any CPU
		{9BABE165-5B1B-4867-B66C-D852AC8F8FD6}.Debug|Any CPU.ActiveCfg = Debug|Any CPU
		{9BABE165-5B1B-4867-B66C-D852AC8F8FD6}.Debug|Any CPU.Build.0 = Debug|Any CPU
		{9BABE165-5B1B-4867-B66C-D852AC8F8FD6}.Debug|ARM.ActiveCfg = Debug|Any CPU
		{9BABE165-5B1B-4867-B66C-D852AC8F8FD6}.Debug|ARM.Build.0 = Debug|Any CPU
		{9BABE165-5B1B-4867-B66C-D852AC8F8FD6}.Debug|iPhone.ActiveCfg = Debug|Any CPU
		{9BABE165-5B1B-4867-B66C-D852AC8F8FD6}.Debug|iPhone.Build.0 = Debug|Any CPU
		{9BABE165-5B1B-4867-B66C-D852AC8F8FD6}.Debug|iPhoneSimulator.ActiveCfg = Debug|Any CPU
		{9BABE165-5B1B-4867-B66C-D852AC8F8FD6}.Debug|iPhoneSimulator.Build.0 = Debug|Any CPU
		{9BABE165-5B1B-4867-B66C-D852AC8F8FD6}.Debug|x64.ActiveCfg = Debug|Any CPU
		{9BABE165-5B1B-4867-B66C-D852AC8F8FD6}.Debug|x64.Build.0 = Debug|Any CPU
		{9BABE165-5B1B-4867-B66C-D852AC8F8FD6}.Debug|x86.ActiveCfg = Debug|Any CPU
		{9BABE165-5B1B-4867-B66C-D852AC8F8FD6}.Debug|x86.Build.0 = Debug|Any CPU
		{9BABE165-5B1B-4867-B66C-D852AC8F8FD6}.Release|Any CPU.ActiveCfg = Release|Any CPU
		{9BABE165-5B1B-4867-B66C-D852AC8F8FD6}.Release|Any CPU.Build.0 = Release|Any CPU
		{9BABE165-5B1B-4867-B66C-D852AC8F8FD6}.Release|ARM.ActiveCfg = Release|Any CPU
		{9BABE165-5B1B-4867-B66C-D852AC8F8FD6}.Release|ARM.Build.0 = Release|Any CPU
		{9BABE165-5B1B-4867-B66C-D852AC8F8FD6}.Release|iPhone.ActiveCfg = Release|Any CPU
		{9BABE165-5B1B-4867-B66C-D852AC8F8FD6}.Release|iPhone.Build.0 = Release|Any CPU
		{9BABE165-5B1B-4867-B66C-D852AC8F8FD6}.Release|iPhoneSimulator.ActiveCfg = Release|Any CPU
		{9BABE165-5B1B-4867-B66C-D852AC8F8FD6}.Release|iPhoneSimulator.Build.0 = Release|Any CPU
		{9BABE165-5B1B-4867-B66C-D852AC8F8FD6}.Release|x64.ActiveCfg = Release|Any CPU
		{9BABE165-5B1B-4867-B66C-D852AC8F8FD6}.Release|x64.Build.0 = Release|Any CPU
		{9BABE165-5B1B-4867-B66C-D852AC8F8FD6}.Release|x86.ActiveCfg = Release|Any CPU
		{9BABE165-5B1B-4867-B66C-D852AC8F8FD6}.Release|x86.Build.0 = Release|Any CPU
		{A3C4B2E6-930F-4193-82D6-53E85599A3D6}.Ad-Hoc|Any CPU.ActiveCfg = Release|Any CPU
		{A3C4B2E6-930F-4193-82D6-53E85599A3D6}.Ad-Hoc|Any CPU.Build.0 = Release|Any CPU
		{A3C4B2E6-930F-4193-82D6-53E85599A3D6}.Ad-Hoc|ARM.ActiveCfg = Release|Any CPU
		{A3C4B2E6-930F-4193-82D6-53E85599A3D6}.Ad-Hoc|ARM.Build.0 = Release|Any CPU
		{A3C4B2E6-930F-4193-82D6-53E85599A3D6}.Ad-Hoc|iPhone.ActiveCfg = Release|Any CPU
		{A3C4B2E6-930F-4193-82D6-53E85599A3D6}.Ad-Hoc|iPhone.Build.0 = Release|Any CPU
		{A3C4B2E6-930F-4193-82D6-53E85599A3D6}.Ad-Hoc|iPhoneSimulator.ActiveCfg = Release|Any CPU
		{A3C4B2E6-930F-4193-82D6-53E85599A3D6}.Ad-Hoc|iPhoneSimulator.Build.0 = Release|Any CPU
		{A3C4B2E6-930F-4193-82D6-53E85599A3D6}.Ad-Hoc|x64.ActiveCfg = Release|Any CPU
		{A3C4B2E6-930F-4193-82D6-53E85599A3D6}.Ad-Hoc|x64.Build.0 = Release|Any CPU
		{A3C4B2E6-930F-4193-82D6-53E85599A3D6}.Ad-Hoc|x86.ActiveCfg = Release|Any CPU
		{A3C4B2E6-930F-4193-82D6-53E85599A3D6}.Ad-Hoc|x86.Build.0 = Release|Any CPU
		{A3C4B2E6-930F-4193-82D6-53E85599A3D6}.AppStore|Any CPU.ActiveCfg = Release|Any CPU
		{A3C4B2E6-930F-4193-82D6-53E85599A3D6}.AppStore|Any CPU.Build.0 = Release|Any CPU
		{A3C4B2E6-930F-4193-82D6-53E85599A3D6}.AppStore|ARM.ActiveCfg = Release|Any CPU
		{A3C4B2E6-930F-4193-82D6-53E85599A3D6}.AppStore|ARM.Build.0 = Release|Any CPU
		{A3C4B2E6-930F-4193-82D6-53E85599A3D6}.AppStore|iPhone.ActiveCfg = Release|Any CPU
		{A3C4B2E6-930F-4193-82D6-53E85599A3D6}.AppStore|iPhone.Build.0 = Release|Any CPU
		{A3C4B2E6-930F-4193-82D6-53E85599A3D6}.AppStore|iPhoneSimulator.ActiveCfg = Release|Any CPU
		{A3C4B2E6-930F-4193-82D6-53E85599A3D6}.AppStore|iPhoneSimulator.Build.0 = Release|Any CPU
		{A3C4B2E6-930F-4193-82D6-53E85599A3D6}.AppStore|x64.ActiveCfg = Release|Any CPU
		{A3C4B2E6-930F-4193-82D6-53E85599A3D6}.AppStore|x64.Build.0 = Release|Any CPU
		{A3C4B2E6-930F-4193-82D6-53E85599A3D6}.AppStore|x86.ActiveCfg = Release|Any CPU
		{A3C4B2E6-930F-4193-82D6-53E85599A3D6}.AppStore|x86.Build.0 = Release|Any CPU
		{A3C4B2E6-930F-4193-82D6-53E85599A3D6}.Debug|Any CPU.ActiveCfg = Debug|Any CPU
		{A3C4B2E6-930F-4193-82D6-53E85599A3D6}.Debug|Any CPU.Build.0 = Debug|Any CPU
		{A3C4B2E6-930F-4193-82D6-53E85599A3D6}.Debug|ARM.ActiveCfg = Debug|Any CPU
		{A3C4B2E6-930F-4193-82D6-53E85599A3D6}.Debug|ARM.Build.0 = Debug|Any CPU
		{A3C4B2E6-930F-4193-82D6-53E85599A3D6}.Debug|iPhone.ActiveCfg = Debug|Any CPU
		{A3C4B2E6-930F-4193-82D6-53E85599A3D6}.Debug|iPhone.Build.0 = Debug|Any CPU
		{A3C4B2E6-930F-4193-82D6-53E85599A3D6}.Debug|iPhoneSimulator.ActiveCfg = Debug|Any CPU
		{A3C4B2E6-930F-4193-82D6-53E85599A3D6}.Debug|iPhoneSimulator.Build.0 = Debug|Any CPU
		{A3C4B2E6-930F-4193-82D6-53E85599A3D6}.Debug|x64.ActiveCfg = Debug|Any CPU
		{A3C4B2E6-930F-4193-82D6-53E85599A3D6}.Debug|x64.Build.0 = Debug|Any CPU
		{A3C4B2E6-930F-4193-82D6-53E85599A3D6}.Debug|x86.ActiveCfg = Debug|Any CPU
		{A3C4B2E6-930F-4193-82D6-53E85599A3D6}.Debug|x86.Build.0 = Debug|Any CPU
		{A3C4B2E6-930F-4193-82D6-53E85599A3D6}.Release|Any CPU.ActiveCfg = Release|Any CPU
		{A3C4B2E6-930F-4193-82D6-53E85599A3D6}.Release|Any CPU.Build.0 = Release|Any CPU
		{A3C4B2E6-930F-4193-82D6-53E85599A3D6}.Release|ARM.ActiveCfg = Release|Any CPU
		{A3C4B2E6-930F-4193-82D6-53E85599A3D6}.Release|ARM.Build.0 = Release|Any CPU
		{A3C4B2E6-930F-4193-82D6-53E85599A3D6}.Release|iPhone.ActiveCfg = Release|Any CPU
		{A3C4B2E6-930F-4193-82D6-53E85599A3D6}.Release|iPhone.Build.0 = Release|Any CPU
		{A3C4B2E6-930F-4193-82D6-53E85599A3D6}.Release|iPhoneSimulator.ActiveCfg = Release|Any CPU
		{A3C4B2E6-930F-4193-82D6-53E85599A3D6}.Release|iPhoneSimulator.Build.0 = Release|Any CPU
		{A3C4B2E6-930F-4193-82D6-53E85599A3D6}.Release|x64.ActiveCfg = Release|Any CPU
		{A3C4B2E6-930F-4193-82D6-53E85599A3D6}.Release|x64.Build.0 = Release|Any CPU
		{A3C4B2E6-930F-4193-82D6-53E85599A3D6}.Release|x86.ActiveCfg = Release|Any CPU
		{A3C4B2E6-930F-4193-82D6-53E85599A3D6}.Release|x86.Build.0 = Release|Any CPU
		{6B88D636-EBE7-420E-87B2-B06BA5B44F6A}.Ad-Hoc|Any CPU.ActiveCfg = Release|Any CPU
		{6B88D636-EBE7-420E-87B2-B06BA5B44F6A}.Ad-Hoc|Any CPU.Build.0 = Release|Any CPU
		{6B88D636-EBE7-420E-87B2-B06BA5B44F6A}.Ad-Hoc|ARM.ActiveCfg = Release|Any CPU
		{6B88D636-EBE7-420E-87B2-B06BA5B44F6A}.Ad-Hoc|ARM.Build.0 = Release|Any CPU
		{6B88D636-EBE7-420E-87B2-B06BA5B44F6A}.Ad-Hoc|iPhone.ActiveCfg = Release|Any CPU
		{6B88D636-EBE7-420E-87B2-B06BA5B44F6A}.Ad-Hoc|iPhone.Build.0 = Release|Any CPU
		{6B88D636-EBE7-420E-87B2-B06BA5B44F6A}.Ad-Hoc|iPhoneSimulator.ActiveCfg = Release|Any CPU
		{6B88D636-EBE7-420E-87B2-B06BA5B44F6A}.Ad-Hoc|iPhoneSimulator.Build.0 = Release|Any CPU
		{6B88D636-EBE7-420E-87B2-B06BA5B44F6A}.Ad-Hoc|x64.ActiveCfg = Release|Any CPU
		{6B88D636-EBE7-420E-87B2-B06BA5B44F6A}.Ad-Hoc|x64.Build.0 = Release|Any CPU
		{6B88D636-EBE7-420E-87B2-B06BA5B44F6A}.Ad-Hoc|x86.ActiveCfg = Release|Any CPU
		{6B88D636-EBE7-420E-87B2-B06BA5B44F6A}.Ad-Hoc|x86.Build.0 = Release|Any CPU
		{6B88D636-EBE7-420E-87B2-B06BA5B44F6A}.AppStore|Any CPU.ActiveCfg = Release|Any CPU
		{6B88D636-EBE7-420E-87B2-B06BA5B44F6A}.AppStore|Any CPU.Build.0 = Release|Any CPU
		{6B88D636-EBE7-420E-87B2-B06BA5B44F6A}.AppStore|ARM.ActiveCfg = Release|Any CPU
		{6B88D636-EBE7-420E-87B2-B06BA5B44F6A}.AppStore|ARM.Build.0 = Release|Any CPU
		{6B88D636-EBE7-420E-87B2-B06BA5B44F6A}.AppStore|iPhone.ActiveCfg = Release|Any CPU
		{6B88D636-EBE7-420E-87B2-B06BA5B44F6A}.AppStore|iPhone.Build.0 = Release|Any CPU
		{6B88D636-EBE7-420E-87B2-B06BA5B44F6A}.AppStore|iPhoneSimulator.ActiveCfg = Release|Any CPU
		{6B88D636-EBE7-420E-87B2-B06BA5B44F6A}.AppStore|iPhoneSimulator.Build.0 = Release|Any CPU
		{6B88D636-EBE7-420E-87B2-B06BA5B44F6A}.AppStore|x64.ActiveCfg = Release|Any CPU
		{6B88D636-EBE7-420E-87B2-B06BA5B44F6A}.AppStore|x64.Build.0 = Release|Any CPU
		{6B88D636-EBE7-420E-87B2-B06BA5B44F6A}.AppStore|x86.ActiveCfg = Release|Any CPU
		{6B88D636-EBE7-420E-87B2-B06BA5B44F6A}.AppStore|x86.Build.0 = Release|Any CPU
		{6B88D636-EBE7-420E-87B2-B06BA5B44F6A}.Debug|Any CPU.ActiveCfg = Debug|Any CPU
		{6B88D636-EBE7-420E-87B2-B06BA5B44F6A}.Debug|Any CPU.Build.0 = Debug|Any CPU
		{6B88D636-EBE7-420E-87B2-B06BA5B44F6A}.Debug|ARM.ActiveCfg = Debug|Any CPU
		{6B88D636-EBE7-420E-87B2-B06BA5B44F6A}.Debug|ARM.Build.0 = Debug|Any CPU
		{6B88D636-EBE7-420E-87B2-B06BA5B44F6A}.Debug|iPhone.ActiveCfg = Debug|Any CPU
		{6B88D636-EBE7-420E-87B2-B06BA5B44F6A}.Debug|iPhone.Build.0 = Debug|Any CPU
		{6B88D636-EBE7-420E-87B2-B06BA5B44F6A}.Debug|iPhoneSimulator.ActiveCfg = Debug|Any CPU
		{6B88D636-EBE7-420E-87B2-B06BA5B44F6A}.Debug|iPhoneSimulator.Build.0 = Debug|Any CPU
		{6B88D636-EBE7-420E-87B2-B06BA5B44F6A}.Debug|x64.ActiveCfg = Debug|Any CPU
		{6B88D636-EBE7-420E-87B2-B06BA5B44F6A}.Debug|x64.Build.0 = Debug|Any CPU
		{6B88D636-EBE7-420E-87B2-B06BA5B44F6A}.Debug|x86.ActiveCfg = Debug|Any CPU
		{6B88D636-EBE7-420E-87B2-B06BA5B44F6A}.Debug|x86.Build.0 = Debug|Any CPU
		{6B88D636-EBE7-420E-87B2-B06BA5B44F6A}.Release|Any CPU.ActiveCfg = Release|Any CPU
		{6B88D636-EBE7-420E-87B2-B06BA5B44F6A}.Release|Any CPU.Build.0 = Release|Any CPU
		{6B88D636-EBE7-420E-87B2-B06BA5B44F6A}.Release|ARM.ActiveCfg = Release|Any CPU
		{6B88D636-EBE7-420E-87B2-B06BA5B44F6A}.Release|ARM.Build.0 = Release|Any CPU
		{6B88D636-EBE7-420E-87B2-B06BA5B44F6A}.Release|iPhone.ActiveCfg = Release|Any CPU
		{6B88D636-EBE7-420E-87B2-B06BA5B44F6A}.Release|iPhone.Build.0 = Release|Any CPU
		{6B88D636-EBE7-420E-87B2-B06BA5B44F6A}.Release|iPhoneSimulator.ActiveCfg = Release|Any CPU
		{6B88D636-EBE7-420E-87B2-B06BA5B44F6A}.Release|iPhoneSimulator.Build.0 = Release|Any CPU
		{6B88D636-EBE7-420E-87B2-B06BA5B44F6A}.Release|x64.ActiveCfg = Release|Any CPU
		{6B88D636-EBE7-420E-87B2-B06BA5B44F6A}.Release|x64.Build.0 = Release|Any CPU
		{6B88D636-EBE7-420E-87B2-B06BA5B44F6A}.Release|x86.ActiveCfg = Release|Any CPU
		{6B88D636-EBE7-420E-87B2-B06BA5B44F6A}.Release|x86.Build.0 = Release|Any CPU
	EndGlobalSection
	GlobalSection(SolutionProperties) = preSolution
		HideSolutionNode = FALSE
	EndGlobalSection
	GlobalSection(ExtensibilityGlobals) = postSolution
		SolutionGuid = {815C6D8B-7385-4E2C-838D-DFB7C20F2AB6}
	EndGlobalSection
EndGlobal
